
Microsoft Visual Studio Solution File, Format Version 12.00
# Visual Studio 15
VisualStudioVersion = 15.0.26124.0
MinimumVisualStudioVersion = 15.0.26124.0
Project("{2150E333-8FDC-42A3-9474-1A3956D46DE8}") = "src", "src", "{76FB5926-609B-414B-A335-67B9793C9469}"
EndProject
Project("{FAE04EC0-301F-11D3-BF4B-00C04F79EFBC}") = "Application", "src\Application\Application.csproj", "{DC4450EB-511B-4E47-835B-E488A423F197}"
EndProject
Project("{FAE04EC0-301F-11D3-BF4B-00C04F79EFBC}") = "Domain", "src\Domain\Domain.csproj", "{14FA4301-58F2-4BE2-9030-CAD4B3957DF1}"
EndProject
Project("{FAE04EC0-301F-11D3-BF4B-00C04F79EFBC}") = "Infrastructure", "src\Infrastructure\Infrastructure.csproj", "{F63C67F8-53D5-4BC2-A2A0-A45DAD801AE4}"
EndProject
Project("{FAE04EC0-301F-11D3-BF4B-00C04F79EFBC}") = "WebUI", "src\WebUI\WebUI.csproj", "{3332F707-8F5F-4CF9-B0AF-0DB2BA095C15}"
EndProject
Project("{2150E333-8FDC-42A3-9474-1A3956D46DE8}") = "tests", "tests", "{2D4BF6AF-0BB3-4183-888F-D7DD11143E63}"
EndProject
Project("{FAE04EC0-301F-11D3-BF4B-00C04F79EFBC}") = "Application.IntegrationTests", "tests\Application.IntegrationTests\Application.IntegrationTests.csproj", "{8FC674CA-E504-48F5-8849-361FAE36BAA9}"
EndProject
Project("{FAE04EC0-301F-11D3-BF4B-00C04F79EFBC}") = "Application.UnitTests", "tests\Application.UnitTests\Application.UnitTests.csproj", "{C385A757-2CCB-4752-A10E-E05038976F28}"
EndProject
Project("{FAE04EC0-301F-11D3-BF4B-00C04F79EFBC}") = "Domain.UnitTests", "tests\Domain.UnitTests\Domain.UnitTests.csproj", "{DB788D78-FDC2-4490-8CF8-DD88E371239A}"
EndProject
Global
	GlobalSection(SolutionConfigurationPlatforms) = preSolution
		Debug|Any CPU = Debug|Any CPU
		Debug|x64 = Debug|x64
		Debug|x86 = Debug|x86
		Release|Any CPU = Release|Any CPU
		Release|x64 = Release|x64
		Release|x86 = Release|x86
	EndGlobalSection
	GlobalSection(SolutionProperties) = preSolution
		HideSolutionNode = FALSE
	EndGlobalSection
	GlobalSection(ProjectConfigurationPlatforms) = postSolution
		{DC4450EB-511B-4E47-835B-E488A423F197}.Debug|Any CPU.ActiveCfg = Debug|Any CPU
		{DC4450EB-511B-4E47-835B-E488A423F197}.Debug|Any CPU.Build.0 = Debug|Any CPU
		{DC4450EB-511B-4E47-835B-E488A423F197}.Debug|x64.ActiveCfg = Debug|Any CPU
		{DC4450EB-511B-4E47-835B-E488A423F197}.Debug|x64.Build.0 = Debug|Any CPU
		{DC4450EB-511B-4E47-835B-E488A423F197}.Debug|x86.ActiveCfg = Debug|Any CPU
		{DC4450EB-511B-4E47-835B-E488A423F197}.Debug|x86.Build.0 = Debug|Any CPU
		{DC4450EB-511B-4E47-835B-E488A423F197}.Release|Any CPU.ActiveCfg = Release|Any CPU
		{DC4450EB-511B-4E47-835B-E488A423F197}.Release|Any CPU.Build.0 = Release|Any CPU
		{DC4450EB-511B-4E47-835B-E488A423F197}.Release|x64.ActiveCfg = Release|Any CPU
		{DC4450EB-511B-4E47-835B-E488A423F197}.Release|x64.Build.0 = Release|Any CPU
		{DC4450EB-511B-4E47-835B-E488A423F197}.Release|x86.ActiveCfg = Release|Any CPU
		{DC4450EB-511B-4E47-835B-E488A423F197}.Release|x86.Build.0 = Release|Any CPU
		{14FA4301-58F2-4BE2-9030-CAD4B3957DF1}.Debug|Any CPU.ActiveCfg = Debug|Any CPU
		{14FA4301-58F2-4BE2-9030-CAD4B3957DF1}.Debug|Any CPU.Build.0 = Debug|Any CPU
		{14FA4301-58F2-4BE2-9030-CAD4B3957DF1}.Debug|x64.ActiveCfg = Debug|Any CPU
		{14FA4301-58F2-4BE2-9030-CAD4B3957DF1}.Debug|x64.Build.0 = Debug|Any CPU
		{14FA4301-58F2-4BE2-9030-CAD4B3957DF1}.Debug|x86.ActiveCfg = Debug|Any CPU
		{14FA4301-58F2-4BE2-9030-CAD4B3957DF1}.Debug|x86.Build.0 = Debug|Any CPU
		{14FA4301-58F2-4BE2-9030-CAD4B3957DF1}.Release|Any CPU.ActiveCfg = Release|Any CPU
		{14FA4301-58F2-4BE2-9030-CAD4B3957DF1}.Release|Any CPU.Build.0 = Release|Any CPU
		{14FA4301-58F2-4BE2-9030-CAD4B3957DF1}.Release|x64.ActiveCfg = Release|Any CPU
		{14FA4301-58F2-4BE2-9030-CAD4B3957DF1}.Release|x64.Build.0 = Release|Any CPU
		{14FA4301-58F2-4BE2-9030-CAD4B3957DF1}.Release|x86.ActiveCfg = Release|Any CPU
		{14FA4301-58F2-4BE2-9030-CAD4B3957DF1}.Release|x86.Build.0 = Release|Any CPU
		{F63C67F8-53D5-4BC2-A2A0-A45DAD801AE4}.Debug|Any CPU.ActiveCfg = Debug|Any CPU
		{F63C67F8-53D5-4BC2-A2A0-A45DAD801AE4}.Debug|Any CPU.Build.0 = Debug|Any CPU
		{F63C67F8-53D5-4BC2-A2A0-A45DAD801AE4}.Debug|x64.ActiveCfg = Debug|Any CPU
		{F63C67F8-53D5-4BC2-A2A0-A45DAD801AE4}.Debug|x64.Build.0 = Debug|Any CPU
		{F63C67F8-53D5-4BC2-A2A0-A45DAD801AE4}.Debug|x86.ActiveCfg = Debug|Any CPU
		{F63C67F8-53D5-4BC2-A2A0-A45DAD801AE4}.Debug|x86.Build.0 = Debug|Any CPU
		{F63C67F8-53D5-4BC2-A2A0-A45DAD801AE4}.Release|Any CPU.ActiveCfg = Release|Any CPU
		{F63C67F8-53D5-4BC2-A2A0-A45DAD801AE4}.Release|Any CPU.Build.0 = Release|Any CPU
		{F63C67F8-53D5-4BC2-A2A0-A45DAD801AE4}.Release|x64.ActiveCfg = Release|Any CPU
		{F63C67F8-53D5-4BC2-A2A0-A45DAD801AE4}.Release|x64.Build.0 = Release|Any CPU
		{F63C67F8-53D5-4BC2-A2A0-A45DAD801AE4}.Release|x86.ActiveCfg = Release|Any CPU
		{F63C67F8-53D5-4BC2-A2A0-A45DAD801AE4}.Release|x86.Build.0 = Release|Any CPU
		{3332F707-8F5F-4CF9-B0AF-0DB2BA095C15}.Debug|Any CPU.ActiveCfg = Debug|Any CPU
		{3332F707-8F5F-4CF9-B0AF-0DB2BA095C15}.Debug|Any CPU.Build.0 = Debug|Any CPU
		{3332F707-8F5F-4CF9-B0AF-0DB2BA095C15}.Debug|x64.ActiveCfg = Debug|Any CPU
		{3332F707-8F5F-4CF9-B0AF-0DB2BA095C15}.Debug|x64.Build.0 = Debug|Any CPU
		{3332F707-8F5F-4CF9-B0AF-0DB2BA095C15}.Debug|x86.ActiveCfg = Debug|Any CPU
		{3332F707-8F5F-4CF9-B0AF-0DB2BA095C15}.Debug|x86.Build.0 = Debug|Any CPU
		{3332F707-8F5F-4CF9-B0AF-0DB2BA095C15}.Release|Any CPU.ActiveCfg = Release|Any CPU
		{3332F707-8F5F-4CF9-B0AF-0DB2BA095C15}.Release|Any CPU.Build.0 = Release|Any CPU
		{3332F707-8F5F-4CF9-B0AF-0DB2BA095C15}.Release|x64.ActiveCfg = Release|Any CPU
		{3332F707-8F5F-4CF9-B0AF-0DB2BA095C15}.Release|x64.Build.0 = Release|Any CPU
		{3332F707-8F5F-4CF9-B0AF-0DB2BA095C15}.Release|x86.ActiveCfg = Release|Any CPU
		{3332F707-8F5F-4CF9-B0AF-0DB2BA095C15}.Release|x86.Build.0 = Release|Any CPU
		{8FC674CA-E504-48F5-8849-361FAE36BAA9}.Debug|Any CPU.ActiveCfg = Debug|Any CPU
		{8FC674CA-E504-48F5-8849-361FAE36BAA9}.Debug|Any CPU.Build.0 = Debug|Any CPU
		{8FC674CA-E504-48F5-8849-361FAE36BAA9}.Debug|x64.ActiveCfg = Debug|Any CPU
		{8FC674CA-E504-48F5-8849-361FAE36BAA9}.Debug|x64.Build.0 = Debug|Any CPU
		{8FC674CA-E504-48F5-8849-361FAE36BAA9}.Debug|x86.ActiveCfg = Debug|Any CPU
		{8FC674CA-E504-48F5-8849-361FAE36BAA9}.Debug|x86.Build.0 = Debug|Any CPU
		{8FC674CA-E504-48F5-8849-361FAE36BAA9}.Release|Any CPU.ActiveCfg = Release|Any CPU
		{8FC674CA-E504-48F5-8849-361FAE36BAA9}.Release|Any CPU.Build.0 = Release|Any CPU
		{8FC674CA-E504-48F5-8849-361FAE36BAA9}.Release|x64.ActiveCfg = Release|Any CPU
		{8FC674CA-E504-48F5-8849-361FAE36BAA9}.Release|x64.Build.0 = Release|Any CPU
		{8FC674CA-E504-48F5-8849-361FAE36BAA9}.Release|x86.ActiveCfg = Release|Any CPU
		{8FC674CA-E504-48F5-8849-361FAE36BAA9}.Release|x86.Build.0 = Release|Any CPU
		{C385A757-2CCB-4752-A10E-E05038976F28}.Debug|Any CPU.ActiveCfg = Debug|Any CPU
		{C385A757-2CCB-4752-A10E-E05038976F28}.Debug|Any CPU.Build.0 = Debug|Any CPU
		{C385A757-2CCB-4752-A10E-E05038976F28}.Debug|x64.ActiveCfg = Debug|Any CPU
		{C385A757-2CCB-4752-A10E-E05038976F28}.Debug|x64.Build.0 = Debug|Any CPU
		{C385A757-2CCB-4752-A10E-E05038976F28}.Debug|x86.ActiveCfg = Debug|Any CPU
		{C385A757-2CCB-4752-A10E-E05038976F28}.Debug|x86.Build.0 = Debug|Any CPU
		{C385A757-2CCB-4752-A10E-E05038976F28}.Release|Any CPU.ActiveCfg = Release|Any CPU
		{C385A757-2CCB-4752-A10E-E05038976F28}.Release|Any CPU.Build.0 = Release|Any CPU
		{C385A757-2CCB-4752-A10E-E05038976F28}.Release|x64.ActiveCfg = Release|Any CPU
		{C385A757-2CCB-4752-A10E-E05038976F28}.Release|x64.Build.0 = Release|Any CPU
		{C385A757-2CCB-4752-A10E-E05038976F28}.Release|x86.ActiveCfg = Release|Any CPU
		{C385A757-2CCB-4752-A10E-E05038976F28}.Release|x86.Build.0 = Release|Any CPU
		{DB788D78-FDC2-4490-8CF8-DD88E371239A}.Debug|Any CPU.ActiveCfg = Debug|Any CPU
		{DB788D78-FDC2-4490-8CF8-DD88E371239A}.Debug|Any CPU.Build.0 = Debug|Any CPU
		{DB788D78-FDC2-4490-8CF8-DD88E371239A}.Debug|x64.ActiveCfg = Debug|Any CPU
		{DB788D78-FDC2-4490-8CF8-DD88E371239A}.Debug|x64.Build.0 = Debug|Any CPU
		{DB788D78-FDC2-4490-8CF8-DD88E371239A}.Debug|x86.ActiveCfg = Debug|Any CPU
		{DB788D78-FDC2-4490-8CF8-DD88E371239A}.Debug|x86.Build.0 = Debug|Any CPU
		{DB788D78-FDC2-4490-8CF8-DD88E371239A}.Release|Any CPU.ActiveCfg = Release|Any CPU
		{DB788D78-FDC2-4490-8CF8-DD88E371239A}.Release|Any CPU.Build.0 = Release|Any CPU
		{DB788D78-FDC2-4490-8CF8-DD88E371239A}.Release|x64.ActiveCfg = Release|Any CPU
		{DB788D78-FDC2-4490-8CF8-DD88E371239A}.Release|x64.Build.0 = Release|Any CPU
		{DB788D78-FDC2-4490-8CF8-DD88E371239A}.Release|x86.ActiveCfg = Release|Any CPU
		{DB788D78-FDC2-4490-8CF8-DD88E371239A}.Release|x86.Build.0 = Release|Any CPU
	EndGlobalSection
	GlobalSection(NestedProjects) = preSolution
		{DC4450EB-511B-4E47-835B-E488A423F197} = {76FB5926-609B-414B-A335-67B9793C9469}
		{14FA4301-58F2-4BE2-9030-CAD4B3957DF1} = {76FB5926-609B-414B-A335-67B9793C9469}
		{F63C67F8-53D5-4BC2-A2A0-A45DAD801AE4} = {76FB5926-609B-414B-A335-67B9793C9469}
		{3332F707-8F5F-4CF9-B0AF-0DB2BA095C15} = {76FB5926-609B-414B-A335-67B9793C9469}
		{8FC674CA-E504-48F5-8849-361FAE36BAA9} = {2D4BF6AF-0BB3-4183-888F-D7DD11143E63}
		{C385A757-2CCB-4752-A10E-E05038976F28} = {2D4BF6AF-0BB3-4183-888F-D7DD11143E63}
		{DB788D78-FDC2-4490-8CF8-DD88E371239A} = {2D4BF6AF-0BB3-4183-888F-D7DD11143E63}
	EndGlobalSection
EndGlobal
